# THIS IS AN AUTOGENERATED FILE. DO NOT EDIT THIS FILE DIRECTLY.
# yarn lockfile v1


"@ardatan/aggregate-error@0.0.1":
  "integrity" "sha512-UQ9BequOTIavs0pTHLMwQwKQF8tTV1oezY/H2O9chA+JNPFZSua55xpU5dPSjAU9/jLJ1VwU+HJuTVN8u7S6Fg=="
  "resolved" "https://registry.npmjs.org/@ardatan/aggregate-error/-/aggregate-error-0.0.1.tgz"
  "version" "0.0.1"

"@ardatan/aggregate-error@0.0.6":
  "integrity" "sha512-vyrkEHG1jrukmzTPtyWB4NLPauUw5bQeg4uhn8f+1SSynmrOcyvlb1GKQjjgoBzElLdfXCRYX8UnBlhklOHYRQ=="
  "resolved" "https://registry.npmjs.org/@ardatan/aggregate-error/-/aggregate-error-0.0.6.tgz"
  "version" "0.0.6"
  dependencies:
    "tslib" "~2.0.1"

"@graphql-tools/merge@^6.2.14":
  "integrity" "sha512-RWT4Td0ROJai2eR66NHejgf8UwnXJqZxXgDWDI+7hua5vNA2OW8Mf9K1Wav1ZkjWnuRp4ztNtkZGie5ISw55ow=="
  "resolved" "https://registry.npmjs.org/@graphql-tools/merge/-/merge-6.2.14.tgz"
  "version" "6.2.14"
  dependencies:
    "@graphql-tools/schema" "^7.0.0"
    "@graphql-tools/utils" "^7.7.0"
    "tslib" "~2.2.0"

"@graphql-tools/schema@^6.1.0":
  "integrity" "sha512-AZflTf9HU3Uy8UgUwxwFXN9Lf+9D36LBoDRIxPRhsj6EtawbwCqsd3UFwNek0OgiwNi3BL2b+D+6QEcw2IOsDA=="
  "resolved" "https://registry.npmjs.org/@graphql-tools/schema/-/schema-6.1.0.tgz"
  "version" "6.1.0"
  dependencies:
    "@graphql-tools/utils" "6.1.0"
    "tslib" "~2.0.1"

"@graphql-tools/schema@^7.0.0":
  "integrity" "sha512-uyn3HSNSckf4mvQSq0Q07CPaVZMNFCYEVxroApOaw802m9DcZPgf9XVPy/gda5GWj9AhbijfRYVTZQgHnJ4CXA=="
  "resolved" "https://registry.npmjs.org/@graphql-tools/schema/-/schema-7.1.5.tgz"
  "version" "7.1.5"
  dependencies:
    "@graphql-tools/utils" "^7.1.2"
    "tslib" "~2.2.0"
    "value-or-promise" "1.0.6"

"@graphql-tools/utils@^7.1.2", "@graphql-tools/utils@^7.7.0":
  "integrity" "sha512-d334r6bo9mxdSqZW6zWboEnnOOFRrAPVQJ7LkU8/6grglrbcu6WhwCLzHb90E94JI3TD3ricC3YGbUqIi9Xg0w=="
  "resolved" "https://registry.npmjs.org/@graphql-tools/utils/-/utils-7.10.0.tgz"
  "version" "7.10.0"
  dependencies:
    "@ardatan/aggregate-error" "0.0.6"
    "camel-case" "4.1.2"
    "tslib" "~2.2.0"

"@graphql-tools/utils@6.1.0":
  "integrity" "sha512-YcyslZ/8rk5nQOGnkEDp/xi6Xphu0mgjh5LTZ1qUio5P+d95/9MW44cPdmi3Feg4kO8u+1GcPC+685hFpJlZJw=="
  "resolved" "https://registry.npmjs.org/@graphql-tools/utils/-/utils-6.1.0.tgz"
  "version" "6.1.0"
  dependencies:
    "@ardatan/aggregate-error" "0.0.1"
    "camel-case" "4.1.1"

"@rollup/plugin-graphql@^1.0.0":
  "integrity" "sha512-AxeXpotdweLUh9M8p8Cr4x0SQOCJHogntW5NmZeIQ0KT1Bj7SI88aokagn3tjBCr+uTkoeLnsSH0qE4hKydpMg=="
  "resolved" "https://registry.npmjs.org/@rollup/plugin-graphql/-/plugin-graphql-1.0.0.tgz"
  "version" "1.0.0"
  dependencies:
    "@rollup/pluginutils" "^4.0.0"
    "graphql-tag" "^2.2.2"

"@rollup/pluginutils@^4.0.0":
  "integrity" "sha512-TrBhfJkFxA+ER+ew2U2/fHbebhLT/l/2pRk0hfj9KusXUuRXd2v0R58AfaZK9VXDQ4TogOSEmICVrQAA3zFnHQ=="
  "resolved" "https://registry.npmjs.org/@rollup/pluginutils/-/pluginutils-4.1.0.tgz"
  "version" "4.1.0"
  dependencies:
    "estree-walker" "^2.0.1"
    "picomatch" "^2.2.2"

"camel-case@4.1.1":
  "integrity" "sha512-7fa2WcG4fYFkclIvEmxBbTvmibwF2/agfEBc6q3lOpVu0A13ltLsA+Hr/8Hp6kp5f+G7hKi6t8lys6XxP+1K6Q=="
  "resolved" "https://registry.npmjs.org/camel-case/-/camel-case-4.1.1.tgz"
  "version" "4.1.1"
  dependencies:
    "pascal-case" "^3.1.1"
    "tslib" "^1.10.0"

"camel-case@4.1.2":
  "integrity" "sha512-gxGWBrTT1JuMx6R+o5PTXMmUnhnVzLQ9SNutD4YqKtI6ap897t3tKECYla6gCWEkplXnlNybEkZg9GEGxKFCgw=="
  "resolved" "https://registry.npmjs.org/camel-case/-/camel-case-4.1.2.tgz"
  "version" "4.1.2"
  dependencies:
    "pascal-case" "^3.1.2"
    "tslib" "^2.0.3"

"estree-walker@^2.0.1":
  "integrity" "sha512-Rfkk/Mp/DL7JVje3u18FxFujQlTNR2q6QfMSMB7AvCBx91NGj/ba3kCfza0f6dVDbw7YlRf/nDrn7pQrCCyQ/w=="
  "resolved" "https://registry.npmjs.org/estree-walker/-/estree-walker-2.0.2.tgz"
  "version" "2.0.2"

"graphql-tag@^2.2.2":
  "integrity" "sha512-VV1U4O+9x99EkNpNmCUV5RZwq6MnK4+pGbRYWG+lA/m3uo7TSqJF81OkcOP148gFP6fzdl7JWYBrwWVTS9jXww=="
  "resolved" "https://registry.npmjs.org/graphql-tag/-/graphql-tag-2.12.4.tgz"
  "version" "2.12.4"
  dependencies:
    "tslib" "^2.1.0"

"graphql@^0.9.0 || ^0.10.0 || ^0.11.0 || ^0.12.0 || ^0.13.0 || ^14.0.0 || ^15.0.0", "graphql@^14.0.0 || ^15.0.0", "graphql@^15.3.0", "graphql@>=0.9.0":
  "integrity" "sha512-OmaM7y0kaK31NKG31q4YbD2beNYa6jBBKtMFT6gLYJljHLJr42IqJ8KX08u3Li/0ifzTU5HjmoOOrwa5BRLeDA=="
  "resolved" "https://registry.npmjs.org/graphql/-/graphql-15.5.0.tgz"
  "version" "15.5.0"

"lower-case@^2.0.2":
  "integrity" "sha512-7fm3l3NAF9WfN6W3JOmf5drwpVqX78JtoGJ3A6W0a6ZnldM41w2fV5D490psKFTpMds8TJse/eHLFFsNHHjHgg=="
  "resolved" "https://registry.npmjs.org/lower-case/-/lower-case-2.0.2.tgz"
  "version" "2.0.2"
  dependencies:
    "tslib" "^2.0.3"

"no-case@^3.0.4":
  "integrity" "sha512-fgAN3jGAh+RoxUGZHTSOLJIqUc2wmoBwGR4tbpNAKmmovFoWq0OdRkb0VkldReO2a2iBT/OEulG9XSUc10r3zg=="
  "resolved" "https://registry.npmjs.org/no-case/-/no-case-3.0.4.tgz"
  "version" "3.0.4"
  dependencies:
    "lower-case" "^2.0.2"
    "tslib" "^2.0.3"

"pascal-case@^3.1.1", "pascal-case@^3.1.2":
  "integrity" "sha512-uWlGT3YSnK9x3BQJaOdcZwrnV6hPpd8jFH1/ucpiLRPh/2zCVJKS19E4GvYHvaCcACn3foXZ0cLB9Wrx1KGe5g=="
  "resolved" "https://registry.npmjs.org/pascal-case/-/pascal-case-3.1.2.tgz"
  "version" "3.1.2"
  dependencies:
    "no-case" "^3.0.4"
    "tslib" "^2.0.3"

"picomatch@^2.2.2":
  "integrity" "sha512-lY1Q/PiJGC2zOv/z391WOTD+Z02bCgsFfvxoXXf6h7kv9o+WmsmzYqrAwY63sNgOxE4xEdq0WyUnXfKeBrSvYw=="
  "resolved" "https://registry.npmjs.org/picomatch/-/picomatch-2.3.0.tgz"
  "version" "2.3.0"

"prettier@^2.3.0":
  "integrity" "sha512-kXtO4s0Lz/DW/IJ9QdWhAf7/NmPWQXkFr/r/WkR3vyI+0v8amTDxiaQSLzs8NBlytfLWX/7uQUMIW677yLKl4w=="
  "resolved" "https://registry.npmjs.org/prettier/-/prettier-2.3.0.tgz"
  "version" "2.3.0"

"rollup@^1.20.0 || ^2.0.0", "rollup@^1.20.0||^2.0.0", "rollup@^2.50.2":
  "integrity" "sha512-Ra5JkxSiZPZZFnvE68KWtlrLnZGg5LNaV1n1esq4ch69P7ReeoRVlrTuL/k+L/GJfcowA5An0BEhEq2Hfzwl6w=="
  "resolved" "https://registry.npmjs.org/rollup/-/rollup-2.50.2.tgz"
  "version" "2.50.2"
  optionalDependencies:
    "fsevents" "~2.3.1"

"tslib@^1.10.0":
  "integrity" "sha512-i/6DQjL8Xf3be4K/E6Wgpekn5Qasl1usyw++dAA35Ue5orEn65VIxOA+YvNNl9HV3qv70T7CNwjODHZrLwvd1Q=="
  "resolved" "https://registry.npmjs.org/tslib/-/tslib-1.13.0.tgz"
  "version" "1.13.0"

"tslib@^2.0.3", "tslib@~2.2.0":
  "integrity" "sha512-gS9GVHRU+RGn5KQM2rllAlR3dU6m7AcpJKdtH8gFvQiC4Otgk98XnmMU+nZenHt/+VhnBPWwgrJsyrdcw6i23w=="
  "resolved" "https://registry.npmjs.org/tslib/-/tslib-2.2.0.tgz"
  "version" "2.2.0"

"tslib@^2.1.0":
  "integrity" "sha512-gS9GVHRU+RGn5KQM2rllAlR3dU6m7AcpJKdtH8gFvQiC4Otgk98XnmMU+nZenHt/+VhnBPWwgrJsyrdcw6i23w=="
  "resolved" "https://registry.npmjs.org/tslib/-/tslib-2.2.0.tgz"
  "version" "2.2.0"

"tslib@~2.0.1":
  "integrity" "sha512-SgIkNheinmEBgx1IUNirK0TUD4X9yjjBRTqqjggWCU3pUEqIk3/Uwl3yRixYKT6WjQuGiwDv4NomL3wqRCj+CQ=="
  "resolved" "https://registry.npmjs.org/tslib/-/tslib-2.0.1.tgz"
  "version" "2.0.1"

"value-or-promise@1.0.6":
  "integrity" "sha512-9r0wQsWD8z/BxPOvnwbPf05ZvFngXyouE9EKB+5GbYix+BYnAwrIChCUyFIinfbf2FL/U71z+CPpbnmTdxrwBg=="
  "resolved" "https://registry.npmjs.org/value-or-promise/-/value-or-promise-1.0.6.tgz"
  "version" "1.0.6"
